
Microsoft Visual Studio Solution File, Format Version 12.00
# Visual Studio Version 17
VisualStudioVersion = 17.0.31903.59
MinimumVisualStudioVersion = 10.0.40219.1
Project("{FAE04EC0-301F-11D3-BF4B-00C04F79EFBC}") = "GMA.App", "GMA.App\GMA.App.csproj", "{E6E2C38F-549B-4580-9CC8-3D378F0692E3}"
EndProject
Project("{FAE04EC0-301F-11D3-BF4B-00C04F79EFBC}") = "GMA.BLL", "GMA.BLL\GMA.BLL.csproj", "{D2605207-A1B7-45B6-ACF5-9353B7C061BB}"
EndProject
Project("{FAE04EC0-301F-11D3-BF4B-00C04F79EFBC}") = "GMA.DAL", "GMA.DAL\GMA.DAL.csproj", "{789B9B12-EC9C-42C2-AF4F-7E8712D3009E}"
EndProject
Project("{FAE04EC0-301F-11D3-BF4B-00C04F79EFBC}") = "GMA.Models", "GMA.Models\GMA.Models.csproj", "{8C36F3E3-DB11-452F-B4A8-9BF1946EE41F}"
EndProject
Global
	GlobalSection(SolutionConfigurationPlatforms) = preSolution
		Debug|Any CPU = Debug|Any CPU
		Release|Any CPU = Release|Any CPU
	EndGlobalSection
	GlobalSection(SolutionProperties) = preSolution
		HideSolutionNode = FALSE
	EndGlobalSection
	GlobalSection(ProjectConfigurationPlatforms) = postSolution
		{E6E2C38F-549B-4580-9CC8-3D378F0692E3}.Debug|Any CPU.ActiveCfg = Debug|Any CPU
		{E6E2C38F-549B-4580-9CC8-3D378F0692E3}.Debug|Any CPU.Build.0 = Debug|Any CPU
		{E6E2C38F-549B-4580-9CC8-3D378F0692E3}.Release|Any CPU.ActiveCfg = Release|Any CPU
		{E6E2C38F-549B-4580-9CC8-3D378F0692E3}.Release|Any CPU.Build.0 = Release|Any CPU
		{D2605207-A1B7-45B6-ACF5-9353B7C061BB}.Debug|Any CPU.ActiveCfg = Debug|Any CPU
		{D2605207-A1B7-45B6-ACF5-9353B7C061BB}.Debug|Any CPU.Build.0 = Debug|Any CPU
		{D2605207-A1B7-45B6-ACF5-9353B7C061BB}.Release|Any CPU.ActiveCfg = Release|Any CPU
		{D2605207-A1B7-45B6-ACF5-9353B7C061BB}.Release|Any CPU.Build.0 = Release|Any CPU
		{789B9B12-EC9C-42C2-AF4F-7E8712D3009E}.Debug|Any CPU.ActiveCfg = Debug|Any CPU
		{789B9B12-EC9C-42C2-AF4F-7E8712D3009E}.Debug|Any CPU.Build.0 = Debug|Any CPU
		{789B9B12-EC9C-42C2-AF4F-7E8712D3009E}.Release|Any CPU.ActiveCfg = Release|Any CPU
		{789B9B12-EC9C-42C2-AF4F-7E8712D3009E}.Release|Any CPU.Build.0 = Release|Any CPU
		{8C36F3E3-DB11-452F-B4A8-9BF1946EE41F}.Debug|Any CPU.ActiveCfg = Debug|Any CPU
		{8C36F3E3-DB11-452F-B4A8-9BF1946EE41F}.Debug|Any CPU.Build.0 = Debug|Any CPU
		{8C36F3E3-DB11-452F-B4A8-9BF1946EE41F}.Release|Any CPU.ActiveCfg = Release|Any CPU
		{8C36F3E3-DB11-452F-B4A8-9BF1946EE41F}.Release|Any CPU.Build.0 = Release|Any CPU
	EndGlobalSection
EndGlobal
